
Microsoft Visual Studio Solution File, Format Version 12.00
# Visual Studio 16
Project("{FAE04EC0-301F-11D3-BF4B-00C04F79EFBC}") = "Sirenix.OdinInspector.CompatibilityLayer", "Sirenix.OdinInspector.CompatibilityLayer.csproj", "{B687C33C-D918-B0E0-DDE2-2947E249A319}"
EndProject
Project("{FAE04EC0-301F-11D3-BF4B-00C04F79EFBC}") = "Assembly-CSharp", "Assembly-CSharp.csproj", "{3B4D7A7B-B193-C7B8-731F-3F701A73DF6D}"
EndProject
Project("{FAE04EC0-301F-11D3-BF4B-00C04F79EFBC}") = "Sirenix.OdinInspector.CompatibilityLayer.Editor", "Sirenix.OdinInspector.CompatibilityLayer.Editor.csproj", "{C684ADBC-FB9D-AA1E-1E13-8BCCE073E87A}"
EndProject
Global
	GlobalSection(SolutionConfigurationPlatforms) = preSolution
		Debug|Any CPU = Debug|Any CPU
		Release|Any CPU = Release|Any CPU
	EndGlobalSection
	GlobalSection(ProjectConfigurationPlatforms) = postSolution
		{B687C33C-D918-B0E0-DDE2-2947E249A319}.Debug|Any CPU.ActiveCfg = Debug|Any CPU
		{B687C33C-D918-B0E0-DDE2-2947E249A319}.Debug|Any CPU.Build.0 = Debug|Any CPU
		{B687C33C-D918-B0E0-DDE2-2947E249A319}.Release|Any CPU.ActiveCfg = Release|Any CPU
		{B687C33C-D918-B0E0-DDE2-2947E249A319}.Release|Any CPU.Build.0 = Release|Any CPU
		{3B4D7A7B-B193-C7B8-731F-3F701A73DF6D}.Debug|Any CPU.ActiveCfg = Debug|Any CPU
		{3B4D7A7B-B193-C7B8-731F-3F701A73DF6D}.Debug|Any CPU.Build.0 = Debug|Any CPU
		{3B4D7A7B-B193-C7B8-731F-3F701A73DF6D}.Release|Any CPU.ActiveCfg = Release|Any CPU
		{3B4D7A7B-B193-C7B8-731F-3F701A73DF6D}.Release|Any CPU.Build.0 = Release|Any CPU
		{C684ADBC-FB9D-AA1E-1E13-8BCCE073E87A}.Debug|Any CPU.ActiveCfg = Debug|Any CPU
		{C684ADBC-FB9D-AA1E-1E13-8BCCE073E87A}.Debug|Any CPU.Build.0 = Debug|Any CPU
		{C684ADBC-FB9D-AA1E-1E13-8BCCE073E87A}.Release|Any CPU.ActiveCfg = Release|Any CPU
		{C684ADBC-FB9D-AA1E-1E13-8BCCE073E87A}.Release|Any CPU.Build.0 = Release|Any CPU
	EndGlobalSection
	GlobalSection(SolutionProperties) = preSolution
		HideSolutionNode = FALSE
	EndGlobalSection
EndGlobal
